
Microsoft Visual Studio Solution File, Format Version 12.00
# Visual Studio Version 16
VisualStudioVersion = 16.0.29709.97
MinimumVisualStudioVersion = 10.0.40219.1
Project("{FAE04EC0-301F-11D3-BF4B-00C04F79EFBC}") = "Arrays1", "Arrays1.csproj", "{4C354A25-CD64-4369-960D-FB511C64E432}"
EndProject
Global
	GlobalSection(SolutionConfigurationPlatforms) = preSolution
		Debug|Any CPU = Debug|Any CPU
		Release|Any CPU = Release|Any CPU
	EndGlobalSection
	GlobalSection(ProjectConfigurationPlatforms) = postSolution
		{4C354A25-CD64-4369-960D-FB511C64E432}.Debug|Any CPU.ActiveCfg = Debug|Any CPU
		{4C354A25-CD64-4369-960D-FB511C64E432}.Debug|Any CPU.Build.0 = Debug|Any CPU
		{4C354A25-CD64-4369-960D-FB511C64E432}.Release|Any CPU.ActiveCfg = Release|Any CPU
		{4C354A25-CD64-4369-960D-FB511C64E432}.Release|Any CPU.Build.0 = Release|Any CPU
	EndGlobalSection
	GlobalSection(SolutionProperties) = preSolution
		HideSolutionNode = FALSE
	EndGlobalSection
	GlobalSection(ExtensibilityGlobals) = postSolution
		SolutionGuid = {CEC4D355-D84F-459C-A31D-E10E50D6DDCE}
	EndGlobalSection
EndGlobal
