
Microsoft Visual Studio Solution File, Format Version 12.00
# Visual Studio Version 16
VisualStudioVersion = 16.0.29709.97
MinimumVisualStudioVersion = 10.0.40219.1
Project("{FAE04EC0-301F-11D3-BF4B-00C04F79EFBC}") = "review", "review.csproj", "{8EFE958C-B111-41F0-AB10-654B3F2191ED}"
EndProject
Global
	GlobalSection(SolutionConfigurationPlatforms) = preSolution
		Debug|Any CPU = Debug|Any CPU
		Release|Any CPU = Release|Any CPU
	EndGlobalSection
	GlobalSection(ProjectConfigurationPlatforms) = postSolution
		{8EFE958C-B111-41F0-AB10-654B3F2191ED}.Debug|Any CPU.ActiveCfg = Debug|Any CPU
		{8EFE958C-B111-41F0-AB10-654B3F2191ED}.Debug|Any CPU.Build.0 = Debug|Any CPU
		{8EFE958C-B111-41F0-AB10-654B3F2191ED}.Release|Any CPU.ActiveCfg = Release|Any CPU
		{8EFE958C-B111-41F0-AB10-654B3F2191ED}.Release|Any CPU.Build.0 = Release|Any CPU
	EndGlobalSection
	GlobalSection(SolutionProperties) = preSolution
		HideSolutionNode = FALSE
	EndGlobalSection
	GlobalSection(ExtensibilityGlobals) = postSolution
		SolutionGuid = {DD95B879-3E2F-4B53-9ED1-24DB5A73E0D0}
	EndGlobalSection
EndGlobal
