
Microsoft Visual Studio Solution File, Format Version 12.00
# Visual Studio Version 16
VisualStudioVersion = 16.0.29709.97
MinimumVisualStudioVersion = 10.0.40219.1
Project("{FAE04EC0-301F-11D3-BF4B-00C04F79EFBC}") = "Methods", "Methods.csproj", "{FD080EB2-C1A3-411A-9513-B0C92E53CE7B}"
EndProject
Global
	GlobalSection(SolutionConfigurationPlatforms) = preSolution
		Debug|Any CPU = Debug|Any CPU
		Release|Any CPU = Release|Any CPU
	EndGlobalSection
	GlobalSection(ProjectConfigurationPlatforms) = postSolution
		{FD080EB2-C1A3-411A-9513-B0C92E53CE7B}.Debug|Any CPU.ActiveCfg = Debug|Any CPU
		{FD080EB2-C1A3-411A-9513-B0C92E53CE7B}.Debug|Any CPU.Build.0 = Debug|Any CPU
		{FD080EB2-C1A3-411A-9513-B0C92E53CE7B}.Release|Any CPU.ActiveCfg = Release|Any CPU
		{FD080EB2-C1A3-411A-9513-B0C92E53CE7B}.Release|Any CPU.Build.0 = Release|Any CPU
	EndGlobalSection
	GlobalSection(SolutionProperties) = preSolution
		HideSolutionNode = FALSE
	EndGlobalSection
	GlobalSection(ExtensibilityGlobals) = postSolution
		SolutionGuid = {C303D39B-51C6-49F0-A704-31380FB66A35}
	EndGlobalSection
EndGlobal
