
Microsoft Visual Studio Solution File, Format Version 12.00
# Visual Studio Version 16
VisualStudioVersion = 16.0.29709.97
MinimumVisualStudioVersion = 10.0.40219.1
Project("{FAE04EC0-301F-11D3-BF4B-00C04F79EFBC}") = "excercise4", "excercise4.csproj", "{58BF6881-6564-40E7-8007-AA0179CD9256}"
EndProject
Global
	GlobalSection(SolutionConfigurationPlatforms) = preSolution
		Debug|Any CPU = Debug|Any CPU
		Release|Any CPU = Release|Any CPU
	EndGlobalSection
	GlobalSection(ProjectConfigurationPlatforms) = postSolution
		{58BF6881-6564-40E7-8007-AA0179CD9256}.Debug|Any CPU.ActiveCfg = Debug|Any CPU
		{58BF6881-6564-40E7-8007-AA0179CD9256}.Debug|Any CPU.Build.0 = Debug|Any CPU
		{58BF6881-6564-40E7-8007-AA0179CD9256}.Release|Any CPU.ActiveCfg = Release|Any CPU
		{58BF6881-6564-40E7-8007-AA0179CD9256}.Release|Any CPU.Build.0 = Release|Any CPU
	EndGlobalSection
	GlobalSection(SolutionProperties) = preSolution
		HideSolutionNode = FALSE
	EndGlobalSection
	GlobalSection(ExtensibilityGlobals) = postSolution
		SolutionGuid = {A5CC49EF-C497-43B7-AED6-FF471EEF1884}
	EndGlobalSection
EndGlobal
