
Microsoft Visual Studio Solution File, Format Version 12.00
# Visual Studio Version 16
VisualStudioVersion = 16.0.29709.97
MinimumVisualStudioVersion = 10.0.40219.1
Project("{FAE04EC0-301F-11D3-BF4B-00C04F79EFBC}") = "NestedFors", "NestedFors.csproj", "{D5427BE7-786F-43C0-B2E5-3D13019C76B6}"
EndProject
Global
	GlobalSection(SolutionConfigurationPlatforms) = preSolution
		Debug|Any CPU = Debug|Any CPU
		Release|Any CPU = Release|Any CPU
	EndGlobalSection
	GlobalSection(ProjectConfigurationPlatforms) = postSolution
		{D5427BE7-786F-43C0-B2E5-3D13019C76B6}.Debug|Any CPU.ActiveCfg = Debug|Any CPU
		{D5427BE7-786F-43C0-B2E5-3D13019C76B6}.Debug|Any CPU.Build.0 = Debug|Any CPU
		{D5427BE7-786F-43C0-B2E5-3D13019C76B6}.Release|Any CPU.ActiveCfg = Release|Any CPU
		{D5427BE7-786F-43C0-B2E5-3D13019C76B6}.Release|Any CPU.Build.0 = Release|Any CPU
	EndGlobalSection
	GlobalSection(SolutionProperties) = preSolution
		HideSolutionNode = FALSE
	EndGlobalSection
	GlobalSection(ExtensibilityGlobals) = postSolution
		SolutionGuid = {F1C4DC91-44C2-4326-A6BB-94960054943E}
	EndGlobalSection
EndGlobal
