
Microsoft Visual Studio Solution File, Format Version 12.00
# Visual Studio Version 16
VisualStudioVersion = 16.0.29709.97
MinimumVisualStudioVersion = 10.0.40219.1
Project("{FAE04EC0-301F-11D3-BF4B-00C04F79EFBC}") = "while loop avg", "while loop avg.csproj", "{D11E15F4-4746-417D-9DE8-303EDC3BE290}"
EndProject
Global
	GlobalSection(SolutionConfigurationPlatforms) = preSolution
		Debug|Any CPU = Debug|Any CPU
		Release|Any CPU = Release|Any CPU
	EndGlobalSection
	GlobalSection(ProjectConfigurationPlatforms) = postSolution
		{D11E15F4-4746-417D-9DE8-303EDC3BE290}.Debug|Any CPU.ActiveCfg = Debug|Any CPU
		{D11E15F4-4746-417D-9DE8-303EDC3BE290}.Debug|Any CPU.Build.0 = Debug|Any CPU
		{D11E15F4-4746-417D-9DE8-303EDC3BE290}.Release|Any CPU.ActiveCfg = Release|Any CPU
		{D11E15F4-4746-417D-9DE8-303EDC3BE290}.Release|Any CPU.Build.0 = Release|Any CPU
	EndGlobalSection
	GlobalSection(SolutionProperties) = preSolution
		HideSolutionNode = FALSE
	EndGlobalSection
	GlobalSection(ExtensibilityGlobals) = postSolution
		SolutionGuid = {408549BC-B654-4512-9079-7A0819BD244D}
	EndGlobalSection
EndGlobal
