
Microsoft Visual Studio Solution File, Format Version 12.00
# Visual Studio Version 16
VisualStudioVersion = 16.0.29709.97
MinimumVisualStudioVersion = 10.0.40219.1
Project("{FAE04EC0-301F-11D3-BF4B-00C04F79EFBC}") = "If Statements", "If Statements.csproj", "{2A140B38-302F-48FF-9559-E0186C995CFC}"
EndProject
Global
	GlobalSection(SolutionConfigurationPlatforms) = preSolution
		Debug|Any CPU = Debug|Any CPU
		Release|Any CPU = Release|Any CPU
	EndGlobalSection
	GlobalSection(ProjectConfigurationPlatforms) = postSolution
		{2A140B38-302F-48FF-9559-E0186C995CFC}.Debug|Any CPU.ActiveCfg = Debug|Any CPU
		{2A140B38-302F-48FF-9559-E0186C995CFC}.Debug|Any CPU.Build.0 = Debug|Any CPU
		{2A140B38-302F-48FF-9559-E0186C995CFC}.Release|Any CPU.ActiveCfg = Release|Any CPU
		{2A140B38-302F-48FF-9559-E0186C995CFC}.Release|Any CPU.Build.0 = Release|Any CPU
	EndGlobalSection
	GlobalSection(SolutionProperties) = preSolution
		HideSolutionNode = FALSE
	EndGlobalSection
	GlobalSection(ExtensibilityGlobals) = postSolution
		SolutionGuid = {69766870-1880-48EB-80BA-2B8AAD91F3ED}
	EndGlobalSection
EndGlobal
