
Microsoft Visual Studio Solution File, Format Version 12.00
# Visual Studio Version 16
VisualStudioVersion = 16.0.29709.97
MinimumVisualStudioVersion = 10.0.40219.1
Project("{FAE04EC0-301F-11D3-BF4B-00C04F79EFBC}") = "dice", "dice.csproj", "{0D0008FF-47F2-4F0A-89D9-6F4BB69B5293}"
EndProject
Global
	GlobalSection(SolutionConfigurationPlatforms) = preSolution
		Debug|Any CPU = Debug|Any CPU
		Release|Any CPU = Release|Any CPU
	EndGlobalSection
	GlobalSection(ProjectConfigurationPlatforms) = postSolution
		{0D0008FF-47F2-4F0A-89D9-6F4BB69B5293}.Debug|Any CPU.ActiveCfg = Debug|Any CPU
		{0D0008FF-47F2-4F0A-89D9-6F4BB69B5293}.Debug|Any CPU.Build.0 = Debug|Any CPU
		{0D0008FF-47F2-4F0A-89D9-6F4BB69B5293}.Release|Any CPU.ActiveCfg = Release|Any CPU
		{0D0008FF-47F2-4F0A-89D9-6F4BB69B5293}.Release|Any CPU.Build.0 = Release|Any CPU
	EndGlobalSection
	GlobalSection(SolutionProperties) = preSolution
		HideSolutionNode = FALSE
	EndGlobalSection
	GlobalSection(ExtensibilityGlobals) = postSolution
		SolutionGuid = {BE48D424-306A-4AD9-BDD8-B88B0EFFEB98}
	EndGlobalSection
EndGlobal
