
Microsoft Visual Studio Solution File, Format Version 12.00
# Visual Studio Version 16
VisualStudioVersion = 16.0.29709.97
MinimumVisualStudioVersion = 10.0.40219.1
Project("{FAE04EC0-301F-11D3-BF4B-00C04F79EFBC}") = "FizzBuzz Review", "FizzBuzz Review.csproj", "{D4099DDF-80D1-4FEE-A628-4911404EBAF4}"
EndProject
Global
	GlobalSection(SolutionConfigurationPlatforms) = preSolution
		Debug|Any CPU = Debug|Any CPU
		Release|Any CPU = Release|Any CPU
	EndGlobalSection
	GlobalSection(ProjectConfigurationPlatforms) = postSolution
		{D4099DDF-80D1-4FEE-A628-4911404EBAF4}.Debug|Any CPU.ActiveCfg = Debug|Any CPU
		{D4099DDF-80D1-4FEE-A628-4911404EBAF4}.Debug|Any CPU.Build.0 = Debug|Any CPU
		{D4099DDF-80D1-4FEE-A628-4911404EBAF4}.Release|Any CPU.ActiveCfg = Release|Any CPU
		{D4099DDF-80D1-4FEE-A628-4911404EBAF4}.Release|Any CPU.Build.0 = Release|Any CPU
	EndGlobalSection
	GlobalSection(SolutionProperties) = preSolution
		HideSolutionNode = FALSE
	EndGlobalSection
	GlobalSection(ExtensibilityGlobals) = postSolution
		SolutionGuid = {0C91FF66-F2BD-400C-87A1-C3798D96A65D}
	EndGlobalSection
EndGlobal
