
Microsoft Visual Studio Solution File, Format Version 12.00
# Visual Studio Version 16
VisualStudioVersion = 16.0.29709.97
MinimumVisualStudioVersion = 10.0.40219.1
Project("{FAE04EC0-301F-11D3-BF4B-00C04F79EFBC}") = "Variables", "Variables.csproj", "{748BED6E-14A1-48BC-932B-3D7B4943FF01}"
EndProject
Global
	GlobalSection(SolutionConfigurationPlatforms) = preSolution
		Debug|Any CPU = Debug|Any CPU
		Release|Any CPU = Release|Any CPU
	EndGlobalSection
	GlobalSection(ProjectConfigurationPlatforms) = postSolution
		{748BED6E-14A1-48BC-932B-3D7B4943FF01}.Debug|Any CPU.ActiveCfg = Debug|Any CPU
		{748BED6E-14A1-48BC-932B-3D7B4943FF01}.Debug|Any CPU.Build.0 = Debug|Any CPU
		{748BED6E-14A1-48BC-932B-3D7B4943FF01}.Release|Any CPU.ActiveCfg = Release|Any CPU
		{748BED6E-14A1-48BC-932B-3D7B4943FF01}.Release|Any CPU.Build.0 = Release|Any CPU
	EndGlobalSection
	GlobalSection(SolutionProperties) = preSolution
		HideSolutionNode = FALSE
	EndGlobalSection
	GlobalSection(ExtensibilityGlobals) = postSolution
		SolutionGuid = {70BC590C-1FC1-4095-BD24-A4AA60B93319}
	EndGlobalSection
EndGlobal
